
Microsoft Visual Studio Solution File, Format Version 12.00
# Visual Studio 15
VisualStudioVersion = 15.0.28307.1433
MinimumVisualStudioVersion = 10.0.40219.1
Project("{8BC9CEB8-8B4A-11D0-8D11-00A0C91BC942}") = "ProjetGraphe", "ProjetGraphe\ProjetGraphe.vcxproj", "{B32D62D9-B8AF-458C-938B-271A59BF5161}"
EndProject
Global
	GlobalSection(SolutionConfigurationPlatforms) = preSolution
		Debug|x64 = Debug|x64
		Debug|x86 = Debug|x86
		Release|x64 = Release|x64
		Release|x86 = Release|x86
	EndGlobalSection
	GlobalSection(ProjectConfigurationPlatforms) = postSolution
		{B32D62D9-B8AF-458C-938B-271A59BF5161}.Debug|x64.ActiveCfg = Debug|x64
		{B32D62D9-B8AF-458C-938B-271A59BF5161}.Debug|x64.Build.0 = Debug|x64
		{B32D62D9-B8AF-458C-938B-271A59BF5161}.Debug|x86.ActiveCfg = Debug|Win32
		{B32D62D9-B8AF-458C-938B-271A59BF5161}.Debug|x86.Build.0 = Debug|Win32
		{B32D62D9-B8AF-458C-938B-271A59BF5161}.Release|x64.ActiveCfg = Release|x64
		{B32D62D9-B8AF-458C-938B-271A59BF5161}.Release|x64.Build.0 = Release|x64
		{B32D62D9-B8AF-458C-938B-271A59BF5161}.Release|x86.ActiveCfg = Release|Win32
		{B32D62D9-B8AF-458C-938B-271A59BF5161}.Release|x86.Build.0 = Release|Win32
	EndGlobalSection
	GlobalSection(SolutionProperties) = preSolution
		HideSolutionNode = FALSE
	EndGlobalSection
	GlobalSection(ExtensibilityGlobals) = postSolution
		SolutionGuid = {D4970AB2-E47C-49C2-9133-E302F92177AC}
	EndGlobalSection
EndGlobal
